PODS:
  - device_info_plus (0.0.1):
    - Flutter
  - FBAEMKit (15.1.0):
    - FBSDKCoreKit_Basics (= 15.1.0)
  - FBSDKCoreKit (15.1.0):
    - FBAEMKit (= 15.1.0)
    - FBSDKCoreKit_Basics (= 15.1.0)
  - FBSDKCoreKit_Basics (15.1.0)
  - FBSDKLoginKit (15.1.0):
    - FBSDKCoreKit (= 15.1.0)
  - Flutter (1.0.0)
  - flutter_facebook_auth (5.0.4):
    - FBSDKLoginKit (~> 15.1.0)
    - Flutter
  - flutter_inappwebview (0.0.1):
    - Flutter
    - flutter_inappwebview/Core (= 0.0.1)
    - OrderedSet (~> 5.0)
  - flutter_inappwebview/Core (0.0.1):
    - Flutter
    - OrderedSet (~> 5.0)
  - flutter_secure_storage (6.0.0):
    - Flutter
  - FMDB (2.7.5):
    - FMDB/standard (= 2.7.5)
  - FMDB/standard (2.7.5)
  - image_picker_ios (0.0.1):
    - Flutter
  - OrderedSet (5.0.0)
  - path_provider_foundation (0.0.1):
    - Flutter
    - FlutterMacOS
  - shared_preferences_foundation (0.0.1):
    - Flutter
    - FlutterMacOS
  - sqflite (0.0.2):
    - Flutter
    - FMDB (>= 2.7.5)
  - Stripe (23.8.0):
    - StripeApplePay (= 23.8.0)
    - StripeCore (= 23.8.0)
    - StripePayments (= 23.8.0)
    - StripePaymentsUI (= 23.8.0)
    - StripeUICore (= 23.8.0)
  - stripe_ios (0.0.1):
    - Flutter
    - Stripe (~> 23.8.0)
    - StripeApplePay (~> 23.8.0)
    - StripeFinancialConnections (~> 23.8.0)
    - StripePayments (~> 23.8.0)
    - StripePaymentSheet (~> 23.8.0)
    - StripePaymentsUI (~> 23.8.0)
  - StripeApplePay (23.8.0):
    - StripeCore (= 23.8.0)
  - StripeCore (23.8.0)
  - StripeFinancialConnections (23.8.0):
    - StripeCore (= 23.8.0)
    - StripeUICore (= 23.8.0)
  - StripePayments (23.8.0):
    - StripeCore (= 23.8.0)
    - StripePayments/Stripe3DS2 (= 23.8.0)
  - StripePayments/Stripe3DS2 (23.8.0):
    - StripeCore (= 23.8.0)
  - StripePaymentSheet (23.8.0):
    - StripeApplePay (= 23.8.0)
    - StripeCore (= 23.8.0)
    - StripePayments (= 23.8.0)
    - StripePaymentsUI (= 23.8.0)
  - StripePaymentsUI (23.8.0):
    - StripeCore (= 23.8.0)
    - StripePayments (= 23.8.0)
    - StripeUICore (= 23.8.0)
  - StripeUICore (23.8.0):
    - StripeCore (= 23.8.0)
  - url_launcher_ios (0.0.1):
    - Flutter
  - video_player_avfoundation (0.0.1):
    - Flutter
  - wakelock (0.0.1):
    - Flutter
  - webview_flutter_wkwebview (0.0.1):
    - Flutter

DEPENDENCIES:
  - device_info_plus (from `.symlinks/plugins/device_info_plus/ios`)
  - Flutter (from `Flutter`)
  - flutter_facebook_auth (from `.symlinks/plugins/flutter_facebook_auth/ios`)
  - flutter_inappwebview (from `.symlinks/plugins/flutter_inappwebview/ios`)
  - flutter_secure_storage (from `.symlinks/plugins/flutter_secure_storage/ios`)
  - image_picker_ios (from `.symlinks/plugins/image_picker_ios/ios`)
  - path_provider_foundation (from `.symlinks/plugins/path_provider_foundation/darwin`)
  - shared_preferences_foundation (from `.symlinks/plugins/shared_preferences_foundation/darwin`)
  - sqflite (from `.symlinks/plugins/sqflite/ios`)
  - stripe_ios (from `.symlinks/plugins/stripe_ios/ios`)
  - url_launcher_ios (from `.symlinks/plugins/url_launcher_ios/ios`)
  - video_player_avfoundation (from `.symlinks/plugins/video_player_avfoundation/ios`)
  - wakelock (from `.symlinks/plugins/wakelock/ios`)
  - webview_flutter_wkwebview (from `.symlinks/plugins/webview_flutter_wkwebview/ios`)

SPEC REPOS:
  trunk:
    - FBAEMKit
    - FBSDKCoreKit
    - FBSDKCoreKit_Basics
    - FBSDKLoginKit
    - FMDB
    - OrderedSet
    - Stripe
    - StripeApplePay
    - StripeCore
    - StripeFinancialConnections
    - StripePayments
    - StripePaymentSheet
    - StripePaymentsUI
    - StripeUICore

EXTERNAL SOURCES:
  device_info_plus:
    :path: ".symlinks/plugins/device_info_plus/ios"
  Flutter:
    :path: Flutter
  flutter_facebook_auth:
    :path: ".symlinks/plugins/flutter_facebook_auth/ios"
  flutter_inappwebview:
    :path: ".symlinks/plugins/flutter_inappwebview/ios"
  flutter_secure_storage:
    :path: ".symlinks/plugins/flutter_secure_storage/ios"
  image_picker_ios:
    :path: ".symlinks/plugins/image_picker_ios/ios"
  path_provider_foundation:
    :path: ".symlinks/plugins/path_provider_foundation/darwin"
  shared_preferences_foundation:
    :path: ".symlinks/plugins/shared_preferences_foundation/darwin"
  sqflite:
    :path: ".symlinks/plugins/sqflite/ios"
  stripe_ios:
    :path: ".symlinks/plugins/stripe_ios/ios"
  url_launcher_ios:
    :path: ".symlinks/plugins/url_launcher_ios/ios"
  video_player_avfoundation:
    :path: ".symlinks/plugins/video_player_avfoundation/ios"
  wakelock:
    :path: ".symlinks/plugins/wakelock/ios"
  webview_flutter_wkwebview:
    :path: ".symlinks/plugins/webview_flutter_wkwebview/ios"

SPEC CHECKSUMS:
  device_info_plus: e5c5da33f982a436e103237c0c85f9031142abed
  FBAEMKit: c7f82b5145d446bcbbcd50485c032689032fc6a2
  FBSDKCoreKit: 7542746fc63a2a38dd6a865eeb54268341f37b83
  FBSDKCoreKit_Basics: 92d6b26c0bed30ab09bbdd96dccaa26e6c9978d1
  FBSDKLoginKit: 4e275d30cf90e92bdf3a7c82857a8642abf23037
  Flutter: f04841e97a9d0b0a8025694d0796dd46242b2854
  flutter_facebook_auth: c69f4e643b1d9cc9063ec87c9411bd9ec268108f
  flutter_inappwebview: bfd58618f49dc62f2676de690fc6dcda1d6c3721
  flutter_secure_storage: 23fc622d89d073675f2eaa109381aefbcf5a49be
  FMDB: 2ce00b547f966261cd18927a3ddb07cb6f3db82a
  image_picker_ios: 4a8aadfbb6dc30ad5141a2ce3832af9214a705b5
  OrderedSet: aaeb196f7fef5a9edf55d89760da9176ad40b93c
  path_provider_foundation: c68054786f1b4f3343858c1e1d0caaded73f0be9
  shared_preferences_foundation: 986fc17f3d3251412d18b0265f9c64113a8c2472
  sqflite: 6d358c025f5b867b29ed92fc697fd34924e11904
  Stripe: 5432fbab660595a3bee937235dd71a99028ac68c
  stripe_ios: c731dafb26f3736baebde37ba45db708943d5229
  StripeApplePay: 5e686f50ee07c439b79b907dffeb144135e601c9
  StripeCore: 91164d69b8593f44df9ee93e56a00355592068b6
  StripeFinancialConnections: b30a494579271f33f38d9a934288c2ad617bfc26
  StripePayments: c19d94c55723894e1f47dadb40a6f1bfa7fac214
  StripePaymentSheet: 1fef5afa050bfd684e84553cba613041a2b3d7b7
  StripePaymentsUI: 7d2fc8fe17c3fdc63508bc54df2b7cc3f45c8ef7
  StripeUICore: 1dc4d2f9afcd908db85190e9091dfe260a1861fe
  url_launcher_ios: 08a3dfac5fb39e8759aeb0abbd5d9480f30fc8b4
  video_player_avfoundation: 81e49bb3d9fb63dccf9fa0f6d877dc3ddbeac126
  wakelock: d0fc7c864128eac40eba1617cb5264d9c940b46f
  webview_flutter_wkwebview: 2e2d318f21a5e036e2c3f26171342e95908bd60a

PODFILE CHECKSUM: d3d44dd8f85904f876a474551ba2cd729dcc2c08

COCOAPODS: 1.12.1
